
Microsoft Visual Studio Solution File, Format Version 12.00
# Visual Studio 2013
VisualStudioVersion = 12.0.31101.0
MinimumVisualStudioVersion = 10.0.40219.1
Project("{FAE04EC0-301F-11D3-BF4B-00C04F79EFBC}") = "CurriculumVitae", "CurriculumVitae.csproj", "{DAF421AE-7E3B-4935-AAC7-5AB9261F613C}"
EndProject
Global
	GlobalSection(SolutionConfigurationPlatforms) = preSolution
		Debug|Any CPU = Debug|Any CPU
		Release|Any CPU = Release|Any CPU
	EndGlobalSection
	GlobalSection(ProjectConfigurationPlatforms) = postSolution
		{DAF421AE-7E3B-4935-AAC7-5AB9261F613C}.Debug|Any CPU.ActiveCfg = Debug|Any CPU
		{DAF421AE-7E3B-4935-AAC7-5AB9261F613C}.Debug|Any CPU.Build.0 = Debug|Any CPU
		{DAF421AE-7E3B-4935-AAC7-5AB9261F613C}.Release|Any CPU.ActiveCfg = Release|Any CPU
		{DAF421AE-7E3B-4935-AAC7-5AB9261F613C}.Release|Any CPU.Build.0 = Release|Any CPU
	EndGlobalSection
	GlobalSection(SolutionProperties) = preSolution
		HideSolutionNode = FALSE
	EndGlobalSection
EndGlobal
